// !$*UTF8*$!
{
	archiveVersion = 1;
	classes = {
	};
	objectVersion = 56;
	objects = {

/* Begin PBXBuildFile section */
		F8662A652C78A68F0085A567 /* GoogleService-Info.plist in Resources */ = {isa = PBXBuildFile; fileRef = F8662A642C78A68F0085A567 /* GoogleService-Info.plist */; };
		F8662A6B2C78A8ED0085A567 /* ProfileView.swift in Sources */ = {isa = PBXBuildFile; fileRef = F8662A6A2C78A8ED0085A567 /* ProfileView.swift */; };
		F8662A6D2C78A9060085A567 /* ToDoListView.swift in Sources */ = {isa = PBXBuildFile; fileRef = F8662A6C2C78A9060085A567 /* ToDoListView.swift */; };
		F8662A6F2C78A9230085A567 /* NewItemView.swift in Sources */ = {isa = PBXBuildFile; fileRef = F8662A6E2C78A9230085A567 /* NewItemView.swift */; };
		F8662A712C78A93E0085A567 /* LoginView.swift in Sources */ = {isa = PBXBuildFile; fileRef = F8662A702C78A93E0085A567 /* LoginView.swift */; };
		F8662A732C78A9450085A567 /* RegisterView.swift in Sources */ = {isa = PBXBuildFile; fileRef = F8662A722C78A9450085A567 /* RegisterView.swift */; };
		F8662A752C78A97D0085A567 /* ToDoListItemView.swift in Sources */ = {isa = PBXBuildFile; fileRef = F8662A742C78A97D0085A567 /* ToDoListItemView.swift */; };
		F8662A772C78A9C50085A567 /* User.swift in Sources */ = {isa = PBXBuildFile; fileRef = F8662A762C78A9C50085A567 /* User.swift */; };
		F8662A792C78A9D80085A567 /* ToListItem.swift in Sources */ = {isa = PBXBuildFile; fileRef = F8662A782C78A9D80085A567 /* ToListItem.swift */; };
		F8662A7B2C78AA0B0085A567 /* MainViewViewModel.swift in Sources */ = {isa = PBXBuildFile; fileRef = F8662A7A2C78AA0B0085A567 /* MainViewViewModel.swift */; };
		F8662A7D2C78AA1B0085A567 /* ProfileViewViewModel.swift in Sources */ = {isa = PBXBuildFile; fileRef = F8662A7C2C78AA1B0085A567 /* ProfileViewViewModel.swift */; };
		F8662A7F2C78AA270085A567 /* ToDoListViewViewModel.swift in Sources */ = {isa = PBXBuildFile; fileRef = F8662A7E2C78AA270085A567 /* ToDoListViewViewModel.swift */; };
		F8662A812C78AA360085A567 /* ToDoListItemViewViewModel.swift in Sources */ = {isa = PBXBuildFile; fileRef = F8662A802C78AA360085A567 /* ToDoListItemViewViewModel.swift */; };
		F8662A832C78AA470085A567 /* NewItemViewViewModel.swift in Sources */ = {isa = PBXBuildFile; fileRef = F8662A822C78AA470085A567 /* NewItemViewViewModel.swift */; };
		F8662A852C78AA520085A567 /* LoginViewViewModel.swift in Sources */ = {isa = PBXBuildFile; fileRef = F8662A842C78AA520085A567 /* LoginViewViewModel.swift */; };
		F8662A872C78AA5C0085A567 /* RegisterViewViewModel.swift in Sources */ = {isa = PBXBuildFile; fileRef = F8662A862C78AA5C0085A567 /* RegisterViewViewModel.swift */; };
		F8662A8A2C78D01D0085A567 /* HeaderView.swift in Sources */ = {isa = PBXBuildFile; fileRef = F8662A892C78D01D0085A567 /* HeaderView.swift */; };
		F8662A8C2C78E38B0085A567 /* TLButton.swift in Sources */ = {isa = PBXBuildFile; fileRef = F8662A8B2C78E38B0085A567 /* TLButton.swift */; };
		F87453062C78780D00FD2920 /* ToDoListApp.swift in Sources */ = {isa = PBXBuildFile; fileRef = F87453052C78780D00FD2920 /* ToDoListApp.swift */; };
		F87453082C78780D00FD2920 /* MainView.swift in Sources */ = {isa = PBXBuildFile; fileRef = F87453072C78780D00FD2920 /* MainView.swift */; };
		F874530A2C78780F00FD2920 /* Assets.xcassets in Resources */ = {isa = PBXBuildFile; fileRef = F87453092C78780F00FD2920 /* Assets.xcassets */; };
		F874530D2C78780F00FD2920 /* Preview Assets.xcassets in Resources */ = {isa = PBXBuildFile; fileRef = F874530C2C78780F00FD2920 /* Preview Assets.xcassets */; };
		F87453152C787A4D00FD2920 /* FirebaseAuth in Frameworks */ = {isa = PBXBuildFile; productRef = F87453142C787A4D00FD2920 /* FirebaseAuth */; };
		F87453172C787A4D00FD2920 /* FirebaseFirestore in Frameworks */ = {isa = PBXBuildFile; productRef = F87453162C787A4D00FD2920 /* FirebaseFirestore */; };
		F874D1562C79C5B60006E43C /* Extentions.swift in Sources */ = {isa = PBXBuildFile; fileRef = F874D1552C79C5B60006E43C /* Extentions.swift */; };
/* End PBXBuildFile section */

/* Begin PBXFileReference section */
		F8662A642C78A68F0085A567 /* GoogleService-Info.plist */ = {isa = PBXFileReference; fileEncoding = 4; lastKnownFileType = text.plist.xml; path = "GoogleService-Info.plist"; sourceTree = "<group>"; };
		F8662A6A2C78A8ED0085A567 /* ProfileView.swift */ = {isa = PBXFileReference; lastKnownFileType = sourcecode.swift; path = ProfileView.swift; sourceTree = "<group>"; };
		F8662A6C2C78A9060085A567 /* ToDoListView.swift */ = {isa = PBXFileReference; lastKnownFileType = sourcecode.swift; path = ToDoListView.swift; sourceTree = "<group>"; };
		F8662A6E2C78A9230085A567 /* NewItemView.swift */ = {isa = PBXFileReference; lastKnownFileType = sourcecode.swift; path = NewItemView.swift; sourceTree = "<group>"; };
		F8662A702C78A93E0085A567 /* LoginView.swift */ = {isa = PBXFileReference; lastKnownFileType = sourcecode.swift; path = LoginView.swift; sourceTree = "<group>"; };
		F8662A722C78A9450085A567 /* RegisterView.swift */ = {isa = PBXFileReference; lastKnownFileType = sourcecode.swift; path = RegisterView.swift; sourceTree = "<group>"; };
		F8662A742C78A97D0085A567 /* ToDoListItemView.swift */ = {isa = PBXFileReference; lastKnownFileType = sourcecode.swift; path = ToDoListItemView.swift; sourceTree = "<group>"; };
		F8662A762C78A9C50085A567 /* User.swift */ = {isa = PBXFileReference; lastKnownFileType = sourcecode.swift; path = User.swift; sourceTree = "<group>"; };
		F8662A782C78A9D80085A567 /* ToListItem.swift */ = {isa = PBXFileReference; lastKnownFileType = sourcecode.swift; path = ToListItem.swift; sourceTree = "<group>"; };
		F8662A7A2C78AA0B0085A567 /* MainViewViewModel.swift */ = {isa = PBXFileReference; lastKnownFileType = sourcecode.swift; path = MainViewViewModel.swift; sourceTree = "<group>"; };
		F8662A7C2C78AA1B0085A567 /* ProfileViewViewModel.swift */ = {isa = PBXFileReference; lastKnownFileType = sourcecode.swift; path = ProfileViewViewModel.swift; sourceTree = "<group>"; };
		F8662A7E2C78AA270085A567 /* ToDoListViewViewModel.swift */ = {isa = PBXFileReference; lastKnownFileType = sourcecode.swift; path = ToDoListViewViewModel.swift; sourceTree = "<group>"; };
		F8662A802C78AA360085A567 /* ToDoListItemViewViewModel.swift */ = {isa = PBXFileReference; lastKnownFileType = sourcecode.swift; path = ToDoListItemViewViewModel.swift; sourceTree = "<group>"; };
		F8662A822C78AA470085A567 /* NewItemViewViewModel.swift */ = {isa = PBXFileReference; lastKnownFileType = sourcecode.swift; path = NewItemViewViewModel.swift; sourceTree = "<group>"; };
		F8662A842C78AA520085A567 /* LoginViewViewModel.swift */ = {isa = PBXFileReference; lastKnownFileType = sourcecode.swift; path = LoginViewViewModel.swift; sourceTree = "<group>"; };
		F8662A862C78AA5C0085A567 /* RegisterViewViewModel.swift */ = {isa = PBXFileReference; lastKnownFileType = sourcecode.swift; path = RegisterViewViewModel.swift; sourceTree = "<group>"; };
		F8662A892C78D01D0085A567 /* HeaderView.swift */ = {isa = PBXFileReference; lastKnownFileType = sourcecode.swift; path = HeaderView.swift; sourceTree = "<group>"; };
		F8662A8B2C78E38B0085A567 /* TLButton.swift */ = {isa = PBXFileReference; lastKnownFileType = sourcecode.swift; path = TLButton.swift; sourceTree = "<group>"; };
		F87453022C78780D00FD2920 /* ToDoList.app */ = {isa = PBXFileReference; explicitFileType = wrapper.application; includeInIndex = 0; path = ToDoList.app; sourceTree = BUILT_PRODUCTS_DIR; };
		F87453052C78780D00FD2920 /* ToDoListApp.swift */ = {isa = PBXFileReference; lastKnownFileType = sourcecode.swift; path = ToDoListApp.swift; sourceTree = "<group>"; };
		F87453072C78780D00FD2920 /* MainView.swift */ = {isa = PBXFileReference; lastKnownFileType = sourcecode.swift; path = MainView.swift; sourceTree = "<group>"; };
		F87453092C78780F00FD2920 /* Assets.xcassets */ = {isa = PBXFileReference; lastKnownFileType = folder.assetcatalog; path = Assets.xcassets; sourceTree = "<group>"; };
		F874530C2C78780F00FD2920 /* Preview Assets.xcassets */ = {isa = PBXFileReference; lastKnownFileType = folder.assetcatalog; path = "Preview Assets.xcassets"; sourceTree = "<group>"; };
		F874D1552C79C5B60006E43C /* Extentions.swift */ = {isa = PBXFileReference; lastKnownFileType = sourcecode.swift; path = Extentions.swift; sourceTree = "<group>"; };
/* End PBXFileReference section */

/* Begin PBXFrameworksBuildPhase section */
		F87452FF2C78780D00FD2920 /* Frameworks */ = {
			isa = PBXFrameworksBuildPhase;
			buildActionMask = 2147483647;
			files = (
				F87453152C787A4D00FD2920 /* FirebaseAuth in Frameworks */,
				F87453172C787A4D00FD2920 /* FirebaseFirestore in Frameworks */,
			);
			runOnlyForDeploymentPostprocessing = 0;
		};
/* End PBXFrameworksBuildPhase section */

/* Begin PBXGroup section */
		F8662A662C78A7EC0085A567 /* Views */ = {
			isa = PBXGroup;
			children = (
				F87453072C78780D00FD2920 /* MainView.swift */,
				F8662A6A2C78A8ED0085A567 /* ProfileView.swift */,
				F8662A6C2C78A9060085A567 /* ToDoListView.swift */,
				F8662A742C78A97D0085A567 /* ToDoListItemView.swift */,
				F8662A6E2C78A9230085A567 /* NewItemView.swift */,
				F8662A702C78A93E0085A567 /* LoginView.swift */,
				F8662A722C78A9450085A567 /* RegisterView.swift */,
				F8662A892C78D01D0085A567 /* HeaderView.swift */,
				F8662A8B2C78E38B0085A567 /* TLButton.swift */,
			);
			path = Views;
			sourceTree = "<group>";
		};
		F8662A672C78A7F90085A567 /* ViewModels */ = {
			isa = PBXGroup;
			children = (
				F8662A7A2C78AA0B0085A567 /* MainViewViewModel.swift */,
				F8662A7C2C78AA1B0085A567 /* ProfileViewViewModel.swift */,
				F8662A7E2C78AA270085A567 /* ToDoListViewViewModel.swift */,
				F8662A802C78AA360085A567 /* ToDoListItemViewViewModel.swift */,
				F8662A822C78AA470085A567 /* NewItemViewViewModel.swift */,
				F8662A842C78AA520085A567 /* LoginViewViewModel.swift */,
				F8662A862C78AA5C0085A567 /* RegisterViewViewModel.swift */,
			);
			path = ViewModels;
			sourceTree = "<group>";
		};
		F8662A682C78A80C0085A567 /* Models */ = {
			isa = PBXGroup;
			children = (
				F8662A762C78A9C50085A567 /* User.swift */,
				F8662A782C78A9D80085A567 /* ToListItem.swift */,
			);
			path = Models;
			sourceTree = "<group>";
		};
		F8662A692C78A81C0085A567 /* Other */ = {
			isa = PBXGroup;
			children = (
				F87453092C78780F00FD2920 /* Assets.xcassets */,
				F87453052C78780D00FD2920 /* ToDoListApp.swift */,
				F8662A642C78A68F0085A567 /* GoogleService-Info.plist */,
				F874D1552C79C5B60006E43C /* Extentions.swift */,
			);
			path = Other;
			sourceTree = "<group>";
		};
		F87452F92C78780D00FD2920 = {
			isa = PBXGroup;
			children = (
				F87453042C78780D00FD2920 /* ToDoList */,
				F87453032C78780D00FD2920 /* Products */,
			);
			sourceTree = "<group>";
		};
		F87453032C78780D00FD2920 /* Products */ = {
			isa = PBXGroup;
			children = (
				F87453022C78780D00FD2920 /* ToDoList.app */,
			);
			name = Products;
			sourceTree = "<group>";
		};
		F87453042C78780D00FD2920 /* ToDoList */ = {
			isa = PBXGroup;
			children = (
				F8662A692C78A81C0085A567 /* Other */,
				F8662A682C78A80C0085A567 /* Models */,
				F8662A672C78A7F90085A567 /* ViewModels */,
				F8662A662C78A7EC0085A567 /* Views */,
				F874530B2C78780F00FD2920 /* Preview Content */,
			);
			path = ToDoList;
			sourceTree = "<group>";
		};
		F874530B2C78780F00FD2920 /* Preview Content */ = {
			isa = PBXGroup;
			children = (
				F874530C2C78780F00FD2920 /* Preview Assets.xcassets */,
			);
			path = "Preview Content";
			sourceTree = "<group>";
		};
/* End PBXGroup section */

/* Begin PBXNativeTarget section */
		F87453012C78780D00FD2920 /* ToDoList */ = {
			isa = PBXNativeTarget;
			buildConfigurationList = F87453102C78780F00FD2920 /* Build configuration list for PBXNativeTarget "ToDoList" */;
			buildPhases = (
				F87452FE2C78780D00FD2920 /* Sources */,
				F87452FF2C78780D00FD2920 /* Frameworks */,
				F87453002C78780D00FD2920 /* Resources */,
			);
			buildRules = (
			);
			dependencies = (
			);
			name = ToDoList;
			packageProductDependencies = (
				F87453142C787A4D00FD2920 /* FirebaseAuth */,
				F87453162C787A4D00FD2920 /* FirebaseFirestore */,
			);
			productName = ToDoList;
			productReference = F87453022C78780D00FD2920 /* ToDoList.app */;
			productType = "com.apple.product-type.application";
		};
/* End PBXNativeTarget section */

/* Begin PBXProject section */
		F87452FA2C78780D00FD2920 /* Project object */ = {
			isa = PBXProject;
			attributes = {
				BuildIndependentTargetsInParallel = 1;
				LastSwiftUpdateCheck = 1540;
				LastUpgradeCheck = 1540;
				TargetAttributes = {
					F87453012C78780D00FD2920 = {
						CreatedOnToolsVersion = 15.4;
					};
				};
			};
			buildConfigurationList = F87452FD2C78780D00FD2920 /* Build configuration list for PBXProject "ToDoList" */;
			compatibilityVersion = "Xcode 14.0";
			developmentRegion = en;
			hasScannedForEncodings = 0;
			knownRegions = (
				en,
				Base,
			);
			mainGroup = F87452F92C78780D00FD2920;
			packageReferences = (
				F87453132C787A4D00FD2920 /* XCRemoteSwiftPackageReference "firebase-ios-sdk" */,
			);
			productRefGroup = F87453032C78780D00FD2920 /* Products */;
			projectDirPath = "";
			projectRoot = "";
			targets = (
				F87453012C78780D00FD2920 /* ToDoList */,
			);
		};
/* End PBXProject section */

/* Begin PBXResourcesBuildPhase section */
		F87453002C78780D00FD2920 /* Resources */ = {
			isa = PBXResourcesBuildPhase;
			buildActionMask = 2147483647;
			files = (
				F874530D2C78780F00FD2920 /* Preview Assets.xcassets in Resources */,
				F874530A2C78780F00FD2920 /* Assets.xcassets in Resources */,
				F8662A652C78A68F0085A567 /* GoogleService-Info.plist in Resources */,
			);
			runOnlyForDeploymentPostprocessing = 0;
		};
/* End PBXResourcesBuildPhase section */

/* Begin PBXSourcesBuildPhase section */
		F87452FE2C78780D00FD2920 /* Sources */ = {
			isa = PBXSourcesBuildPhase;
			buildActionMask = 2147483647;
			files = (
				F8662A812C78AA360085A567 /* ToDoListItemViewViewModel.swift in Sources */,
				F8662A8A2C78D01D0085A567 /* HeaderView.swift in Sources */,
				F8662A712C78A93E0085A567 /* LoginView.swift in Sources */,
				F8662A872C78AA5C0085A567 /* RegisterViewViewModel.swift in Sources */,
				F87453082C78780D00FD2920 /* MainView.swift in Sources */,
				F8662A852C78AA520085A567 /* LoginViewViewModel.swift in Sources */,
				F8662A7B2C78AA0B0085A567 /* MainViewViewModel.swift in Sources */,
				F8662A8C2C78E38B0085A567 /* TLButton.swift in Sources */,
				F8662A6D2C78A9060085A567 /* ToDoListView.swift in Sources */,
				F8662A792C78A9D80085A567 /* ToListItem.swift in Sources */,
				F8662A7D2C78AA1B0085A567 /* ProfileViewViewModel.swift in Sources */,
				F8662A732C78A9450085A567 /* RegisterView.swift in Sources */,
				F874D1562C79C5B60006E43C /* Extentions.swift in Sources */,
				F8662A6B2C78A8ED0085A567 /* ProfileView.swift in Sources */,
				F8662A772C78A9C50085A567 /* User.swift in Sources */,
				F8662A7F2C78AA270085A567 /* ToDoListViewViewModel.swift in Sources */,
				F8662A752C78A97D0085A567 /* ToDoListItemView.swift in Sources */,
				F8662A832C78AA470085A567 /* NewItemViewViewModel.swift in Sources */,
				F87453062C78780D00FD2920 /* ToDoListApp.swift in Sources */,
				F8662A6F2C78A9230085A567 /* NewItemView.swift in Sources */,
			);
			runOnlyForDeploymentPostprocessing = 0;
		};
/* End PBXSourcesBuildPhase section */

/* Begin XCBuildConfiguration section */
		F874530E2C78780F00FD2920 /* Debug */ = {
			isa = XCBuildConfiguration;
			buildSettings = {
				ALWAYS_SEARCH_USER_PATHS = NO;
				ASSETCATALOG_COMPILER_GENERATE_SWIFT_ASSET_SYMBOL_EXTENSIONS = YES;
				CLANG_ANALYZER_NONNULL = YES;
				CLANG_ANALYZER_NUMBER_OBJECT_CONVERSION = YES_AGGRESSIVE;
				CLANG_CXX_LANGUAGE_STANDARD = "gnu++20";
				CLANG_ENABLE_MODULES = YES;
				CLANG_ENABLE_OBJC_ARC = YES;
				CLANG_ENABLE_OBJC_WEAK = YES;
				CLANG_WARN_BLOCK_CAPTURE_AUTORELEASING = YES;
				CLANG_WARN_BOOL_CONVERSION = YES;
				CLANG_WARN_COMMA = YES;
				CLANG_WARN_CONSTANT_CONVERSION = YES;
				CLANG_WARN_DEPRECATED_OBJC_IMPLEMENTATIONS = YES;
				CLANG_WARN_DIRECT_OBJC_ISA_USAGE = YES_ERROR;
				CLANG_WARN_DOCUMENTATION_COMMENTS = YES;
				CLANG_WARN_EMPTY_BODY = YES;
				CLANG_WARN_ENUM_CONVERSION = YES;
				CLANG_WARN_INFINITE_RECURSION = YES;
				CLANG_WARN_INT_CONVERSION = YES;
				CLANG_WARN_NON_LITERAL_NULL_CONVERSION = YES;
				CLANG_WARN_OBJC_IMPLICIT_RETAIN_SELF = YES;
				CLANG_WARN_OBJC_LITERAL_CONVERSION = YES;
				CLANG_WARN_OBJC_ROOT_CLASS = YES_ERROR;
				CLANG_WARN_QUOTED_INCLUDE_IN_FRAMEWORK_HEADER = YES;
				CLANG_WARN_RANGE_LOOP_ANALYSIS = YES;
				CLANG_WARN_STRICT_PROTOTYPES = YES;
				CLANG_WARN_SUSPICIOUS_MOVE = YES;
				CLANG_WARN_UNGUARDED_AVAILABILITY = YES_AGGRESSIVE;
				CLANG_WARN_UNREACHABLE_CODE = YES;
				CLANG_WARN__DUPLICATE_METHOD_MATCH = YES;
				COPY_PHASE_STRIP = NO;
				DEBUG_INFORMATION_FORMAT = dwarf;
				ENABLE_STRICT_OBJC_MSGSEND = YES;
				ENABLE_TESTABILITY = YES;
				ENABLE_USER_SCRIPT_SANDBOXING = YES;
				GCC_C_LANGUAGE_STANDARD = gnu17;
				GCC_DYNAMIC_NO_PIC = NO;
				GCC_NO_COMMON_BLOCKS = YES;
				GCC_OPTIMIZATION_LEVEL = 0;
				GCC_PREPROCESSOR_DEFINITIONS = (
					"DEBUG=1",
					"$(inherited)",
				);
				GCC_WARN_64_TO_32_BIT_CONVERSION = YES;
				GCC_WARN_ABOUT_RETURN_TYPE = YES_ERROR;
				GCC_WARN_UNDECLARED_SELECTOR = YES;
				GCC_WARN_UNINITIALIZED_AUTOS = YES_AGGRESSIVE;
				GCC_WARN_UNUSED_FUNCTION = YES;
				GCC_WARN_UNUSED_VARIABLE = YES;
				IPHONEOS_DEPLOYMENT_TARGET = 17.5;
				LOCALIZATION_PREFERS_STRING_CATALOGS = YES;
				MTL_ENABLE_DEBUG_INFO = INCLUDE_SOURCE;
				MTL_FAST_MATH = YES;
				ONLY_ACTIVE_ARCH = YES;
				SDKROOT = iphoneos;
				SWIFT_ACTIVE_COMPILATION_CONDITIONS = "DEBUG $(inherited)";
				SWIFT_OPTIMIZATION_LEVEL = "-Onone";
			};
			name = Debug;
		};
		F874530F2C78780F00FD2920 /* Release */ = {
			isa = XCBuildConfiguration;
			buildSettings = {
				ALWAYS_SEARCH_USER_PATHS = NO;
				ASSETCATALOG_COMPILER_GENERATE_SWIFT_ASSET_SYMBOL_EXTENSIONS = YES;
				CLANG_ANALYZER_NONNULL = YES;
				CLANG_ANALYZER_NUMBER_OBJECT_CONVERSION = YES_AGGRESSIVE;
				CLANG_CXX_LANGUAGE_STANDARD = "gnu++20";
				CLANG_ENABLE_MODULES = YES;
				CLANG_ENABLE_OBJC_ARC = YES;
				CLANG_ENABLE_OBJC_WEAK = YES;
				CLANG_WARN_BLOCK_CAPTURE_AUTORELEASING = YES;
				CLANG_WARN_BOOL_CONVERSION = YES;
				CLANG_WARN_COMMA = YES;
				CLANG_WARN_CONSTANT_CONVERSION = YES;
				CLANG_WARN_DEPRECATED_OBJC_IMPLEMENTATIONS = YES;
				CLANG_WARN_DIRECT_OBJC_ISA_USAGE = YES_ERROR;
				CLANG_WARN_DOCUMENTATION_COMMENTS = YES;
				CLANG_WARN_EMPTY_BODY = YES;
				CLANG_WARN_ENUM_CONVERSION = YES;
				CLANG_WARN_INFINITE_RECURSION = YES;
				CLANG_WARN_INT_CONVERSION = YES;
				CLANG_WARN_NON_LITERAL_NULL_CONVERSION = YES;
				CLANG_WARN_OBJC_IMPLICIT_RETAIN_SELF = YES;
				CLANG_WARN_OBJC_LITERAL_CONVERSION = YES;
				CLANG_WARN_OBJC_ROOT_CLASS = YES_ERROR;
				CLANG_WARN_QUOTED_INCLUDE_IN_FRAMEWORK_HEADER = YES;
				CLANG_WARN_RANGE_LOOP_ANALYSIS = YES;
				CLANG_WARN_STRICT_PROTOTYPES = YES;
				CLANG_WARN_SUSPICIOUS_MOVE = YES;
				CLANG_WARN_UNGUARDED_AVAILABILITY = YES_AGGRESSIVE;
				CLANG_WARN_UNREACHABLE_CODE = YES;
				CLANG_WARN__DUPLICATE_METHOD_MATCH = YES;
				COPY_PHASE_STRIP = NO;
				DEBUG_INFORMATION_FORMAT = "dwarf-with-dsym";
				ENABLE_NS_ASSERTIONS = NO;
				ENABLE_STRICT_OBJC_MSGSEND = YES;
				ENABLE_USER_SCRIPT_SANDBOXING = YES;
				GCC_C_LANGUAGE_STANDARD = gnu17;
				GCC_NO_COMMON_BLOCKS = YES;
				GCC_WARN_64_TO_32_BIT_CONVERSION = YES;
				GCC_WARN_ABOUT_RETURN_TYPE = YES_ERROR;
				GCC_WARN_UNDECLARED_SELECTOR = YES;
				GCC_WARN_UNINITIALIZED_AUTOS = YES_AGGRESSIVE;
				GCC_WARN_UNUSED_FUNCTION = YES;
				GCC_WARN_UNUSED_VARIABLE = YES;
				IPHONEOS_DEPLOYMENT_TARGET = 17.5;
				LOCALIZATION_PREFERS_STRING_CATALOGS = YES;
				MTL_ENABLE_DEBUG_INFO = NO;
				MTL_FAST_MATH = YES;
				SDKROOT = iphoneos;
				SWIFT_COMPILATION_MODE = wholemodule;
				VALIDATE_PRODUCT = YES;
			};
			name = Release;
		};
		F87453112C78780F00FD2920 /* Debug */ = {
			isa = XCBuildConfiguration;
			buildSettings = {
				ASSETCATALOG_COMPILER_APPICON_NAME = AppIcon;
				ASSETCATALOG_COMPILER_GLOBAL_ACCENT_COLOR_NAME = AccentColor;
				CODE_SIGN_STYLE = Automatic;
				CURRENT_PROJECT_VERSION = 1;
				DEVELOPMENT_ASSET_PATHS = "\"ToDoList/Preview Content\"";
				DEVELOPMENT_TEAM = 95946NLQ9H;
				ENABLE_PREVIEWS = YES;
				GENERATE_INFOPLIST_FILE = YES;
				INFOPLIST_KEY_UIApplicationSceneManifest_Generation = YES;
				INFOPLIST_KEY_UIApplicationSupportsIndirectInputEvents = YES;
				INFOPLIST_KEY_UILaunchScreen_Generation = YES;
				INFOPLIST_KEY_UISupportedInterfaceOrientations = UIInterfaceOrientationPortrait;
				INFOPLIST_KEY_UISupportedInterfaceOrientations_iPad = "UIInterfaceOrientationPortrait UIInterfaceOrientationPortraitUpsideDown";
				LD_RUNPATH_SEARCH_PATHS = (
					"$(inherited)",
					"@executable_path/Frameworks",
				);
				MARKETING_VERSION = 1.0;
				PRODUCT_BUNDLE_IDENTIFIER = bhuwan.ToDoList;
				PRODUCT_NAME = "$(TARGET_NAME)";
				SWIFT_EMIT_LOC_STRINGS = YES;
				SWIFT_VERSION = 5.0;
				TARGETED_DEVICE_FAMILY = "1,2";
			};
			name = Debug;
		};
		F87453122C78780F00FD2920 /* Release */ = {
			isa = XCBuildConfiguration;
			buildSettings = {
				ASSETCATALOG_COMPILER_APPICON_NAME = AppIcon;
				ASSETCATALOG_COMPILER_GLOBAL_ACCENT_COLOR_NAME = AccentColor;
				CODE_SIGN_STYLE = Automatic;
				CURRENT_PROJECT_VERSION = 1;
				DEVELOPMENT_ASSET_PATHS = "\"ToDoList/Preview Content\"";
				DEVELOPMENT_TEAM = 95946NLQ9H;
				ENABLE_PREVIEWS = YES;
				GENERATE_INFOPLIST_FILE = YES;
				INFOPLIST_KEY_UIApplicationSceneManifest_Generation = YES;
				INFOPLIST_KEY_UIApplicationSupportsIndirectInputEvents = YES;
				INFOPLIST_KEY_UILaunchScreen_Generation = YES;
				INFOPLIST_KEY_UISupportedInterfaceOrientations = UIInterfaceOrientationPortrait;
				INFOPLIST_KEY_UISupportedInterfaceOrientations_iPad = "UIInterfaceOrientationPortrait UIInterfaceOrientationPortraitUpsideDown";
				LD_RUNPATH_SEARCH_PATHS = (
					"$(inherited)",
					"@executable_path/Frameworks",
				);
				MARKETING_VERSION = 1.0;
				PRODUCT_BUNDLE_IDENTIFIER = bhuwan.ToDoList;
				PRODUCT_NAME = "$(TARGET_NAME)";
				SWIFT_EMIT_LOC_STRINGS = YES;
				SWIFT_VERSION = 5.0;
				TARGETED_DEVICE_FAMILY = "1,2";
			};
			name = Release;
		};
/* End XCBuildConfiguration section */

/* Begin XCConfigurationList section */
		F87452FD2C78780D00FD2920 /* Build configuration list for PBXProject "ToDoList" */ = {
			isa = XCConfigurationList;
			buildConfigurations = (
				F874530E2C78780F00FD2920 /* Debug */,
				F874530F2C78780F00FD2920 /* Release */,
			);
			defaultConfigurationIsVisible = 0;
			defaultConfigurationName = Release;
		};
		F87453102C78780F00FD2920 /* Build configuration list for PBXNativeTarget "ToDoList" */ = {
			isa = XCConfigurationList;
			buildConfigurations = (
				F87453112C78780F00FD2920 /* Debug */,
				F87453122C78780F00FD2920 /* Release */,
			);
			defaultConfigurationIsVisible = 0;
			defaultConfigurationName = Release;
		};
/* End XCConfigurationList section */

/* Begin XCRemoteSwiftPackageReference section */
		F87453132C787A4D00FD2920 /* XCRemoteSwiftPackageReference "firebase-ios-sdk" */ = {
			isa = XCRemoteSwiftPackageReference;
			repositoryURL = "https://github.com/firebase/firebase-ios-sdk.git";
			requirement = {
				kind = upToNextMajorVersion;
				minimumVersion = 11.1.0;
			};
		};
/* End XCRemoteSwiftPackageReference section */

/* Begin XCSwiftPackageProductDependency section */
		F87453142C787A4D00FD2920 /* FirebaseAuth */ = {
			isa = XCSwiftPackageProductDependency;
			package = F87453132C787A4D00FD2920 /* XCRemoteSwiftPackageReference "firebase-ios-sdk" */;
			productName = FirebaseAuth;
		};
		F87453162C787A4D00FD2920 /* FirebaseFirestore */ = {
			isa = XCSwiftPackageProductDependency;
			package = F87453132C787A4D00FD2920 /* XCRemoteSwiftPackageReference "firebase-ios-sdk" */;
			productName = FirebaseFirestore;
		};
/* End XCSwiftPackageProductDependency section */
	};
	rootObject = F87452FA2C78780D00FD2920 /* Project object */;
}
